
Microsoft Visual Studio Solution File, Format Version 12.00
# Visual Studio Version 17
VisualStudioVersion = 17.7.34221.43
MinimumVisualStudioVersion = 10.0.40219.1
Project("{FAE04EC0-301F-11D3-BF4B-00C04F79EFBC}") = "Project_OOP", "Project_OOP.csproj", "{28202B4A-6A34-4A22-869A-8A4A2B0688A8}"
EndProject
Global
	GlobalSection(SolutionConfigurationPlatforms) = preSolution
		Debug|Any CPU = Debug|Any CPU
		Release|Any CPU = Release|Any CPU
	EndGlobalSection
	GlobalSection(ProjectConfigurationPlatforms) = postSolution
		{28202B4A-6A34-4A22-869A-8A4A2B0688A8}.Debug|Any CPU.ActiveCfg = Debug|Any CPU
		{28202B4A-6A34-4A22-869A-8A4A2B0688A8}.Debug|Any CPU.Build.0 = Debug|Any CPU
		{28202B4A-6A34-4A22-869A-8A4A2B0688A8}.Release|Any CPU.ActiveCfg = Release|Any CPU
		{28202B4A-6A34-4A22-869A-8A4A2B0688A8}.Release|Any CPU.Build.0 = Release|Any CPU
	EndGlobalSection
	GlobalSection(SolutionProperties) = preSolution
		HideSolutionNode = FALSE
	EndGlobalSection
	GlobalSection(ExtensibilityGlobals) = postSolution
		SolutionGuid = {66186A52-4567-4EE1-B0EA-621A82A5899F}
	EndGlobalSection
EndGlobal
